
Microsoft Visual Studio Solution File, Format Version 12.00
# Visual Studio 15
VisualStudioVersion = 15.0.28307.1259
MinimumVisualStudioVersion = 10.0.40219.1
Project("{CC5FD16D-436D-48AD-A40C-5A424C6E3E79}") = "psx_web_api_2020", "psx_web_api_2020\psx_web_api_2020.ccproj", "{ED779CB3-98E4-4123-A28E-BEC32B963602}"
EndProject
Project("{FAE04EC0-301F-11D3-BF4B-00C04F79EFBC}") = "WebRole1", "WebRole1\WebRole1.csproj", "{B9B5A911-B2C6-4C25-8CB4-EF485AB6850E}"
EndProject
Global
	GlobalSection(SolutionConfigurationPlatforms) = preSolution
		Debug|Any CPU = Debug|Any CPU
		Release|Any CPU = Release|Any CPU
	EndGlobalSection
	GlobalSection(ProjectConfigurationPlatforms) = postSolution
		{ED779CB3-98E4-4123-A28E-BEC32B963602}.Debug|Any CPU.ActiveCfg = Debug|Any CPU
		{ED779CB3-98E4-4123-A28E-BEC32B963602}.Debug|Any CPU.Build.0 = Debug|Any CPU
		{ED779CB3-98E4-4123-A28E-BEC32B963602}.Release|Any CPU.ActiveCfg = Release|Any CPU
		{ED779CB3-98E4-4123-A28E-BEC32B963602}.Release|Any CPU.Build.0 = Release|Any CPU
		{B9B5A911-B2C6-4C25-8CB4-EF485AB6850E}.Debug|Any CPU.ActiveCfg = Debug|Any CPU
		{B9B5A911-B2C6-4C25-8CB4-EF485AB6850E}.Debug|Any CPU.Build.0 = Debug|Any CPU
		{B9B5A911-B2C6-4C25-8CB4-EF485AB6850E}.Release|Any CPU.ActiveCfg = Release|Any CPU
		{B9B5A911-B2C6-4C25-8CB4-EF485AB6850E}.Release|Any CPU.Build.0 = Release|Any CPU
	EndGlobalSection
	GlobalSection(SolutionProperties) = preSolution
		HideSolutionNode = FALSE
	EndGlobalSection
	GlobalSection(ExtensibilityGlobals) = postSolution
		SolutionGuid = {36DF42FE-D7CE-4873-B407-3BBF550FF214}
	EndGlobalSection
EndGlobal
